
Microsoft Visual Studio Solution File, Format Version 12.00
# Visual Studio Version 16
VisualStudioVersion = 16.0.29215.179
MinimumVisualStudioVersion = 10.0.40219.1
Project("{9A19103F-16F7-4668-BE54-9A1E7A4F7556}") = "AnthroCloud", "AnthroCloud\AnthroCloud.csproj", "{B6F1B1C4-A88D-4F37-A3B2-A330F784B826}"
EndProject
Project("{9A19103F-16F7-4668-BE54-9A1E7A4F7556}") = "AnthroCloudAPI", "AnthroCloudAPI\AnthroCloudAPI.csproj", "{A9BF7672-CDBF-4229-B926-BE5080678BFD}"
EndProject
Project("{FAE04EC0-301F-11D3-BF4B-00C04F79EFBC}") = "AnthroCloud.UI", "AnthroCloud.UI\AnthroCloud.UI.csproj", "{A4EE5428-E750-412A-9228-654ED6D5193E}"
EndProject
Project("{FAE04EC0-301F-11D3-BF4B-00C04F79EFBC}") = "AnthroCloud.API", "AnthroCloud.API\AnthroCloud.API.csproj", "{0A3BB53A-9394-4131-A5C0-709DD4880159}"
EndProject
Project("{FAE04EC0-301F-11D3-BF4B-00C04F79EFBC}") = "AnthroCloud.Business", "AnthroCloud.Business\AnthroCloud.Business.csproj", "{47449260-BC71-4E30-87F9-82F29DBD0D46}"
EndProject
Project("{FAE04EC0-301F-11D3-BF4B-00C04F79EFBC}") = "AnthroCloud.Data", "AnthroCloud.Data\AnthroCloud.Data.csproj", "{E0AA1D06-1555-44A3-B6C5-9DE2F5E2A797}"
EndProject
Global
	GlobalSection(SolutionConfigurationPlatforms) = preSolution
		Debug|Any CPU = Debug|Any CPU
		Release|Any CPU = Release|Any CPU
	EndGlobalSection
	GlobalSection(ProjectConfigurationPlatforms) = postSolution
		{B6F1B1C4-A88D-4F37-A3B2-A330F784B826}.Debug|Any CPU.ActiveCfg = Debug|Any CPU
		{B6F1B1C4-A88D-4F37-A3B2-A330F784B826}.Debug|Any CPU.Build.0 = Debug|Any CPU
		{B6F1B1C4-A88D-4F37-A3B2-A330F784B826}.Release|Any CPU.ActiveCfg = Release|Any CPU
		{B6F1B1C4-A88D-4F37-A3B2-A330F784B826}.Release|Any CPU.Build.0 = Release|Any CPU
		{A9BF7672-CDBF-4229-B926-BE5080678BFD}.Debug|Any CPU.ActiveCfg = Debug|Any CPU
		{A9BF7672-CDBF-4229-B926-BE5080678BFD}.Debug|Any CPU.Build.0 = Debug|Any CPU
		{A9BF7672-CDBF-4229-B926-BE5080678BFD}.Release|Any CPU.ActiveCfg = Release|Any CPU
		{A9BF7672-CDBF-4229-B926-BE5080678BFD}.Release|Any CPU.Build.0 = Release|Any CPU
		{A4EE5428-E750-412A-9228-654ED6D5193E}.Debug|Any CPU.ActiveCfg = Debug|Any CPU
		{A4EE5428-E750-412A-9228-654ED6D5193E}.Debug|Any CPU.Build.0 = Debug|Any CPU
		{A4EE5428-E750-412A-9228-654ED6D5193E}.Release|Any CPU.ActiveCfg = Release|Any CPU
		{A4EE5428-E750-412A-9228-654ED6D5193E}.Release|Any CPU.Build.0 = Release|Any CPU
		{0A3BB53A-9394-4131-A5C0-709DD4880159}.Debug|Any CPU.ActiveCfg = Debug|Any CPU
		{0A3BB53A-9394-4131-A5C0-709DD4880159}.Debug|Any CPU.Build.0 = Debug|Any CPU
		{0A3BB53A-9394-4131-A5C0-709DD4880159}.Release|Any CPU.ActiveCfg = Release|Any CPU
		{0A3BB53A-9394-4131-A5C0-709DD4880159}.Release|Any CPU.Build.0 = Release|Any CPU
		{47449260-BC71-4E30-87F9-82F29DBD0D46}.Debug|Any CPU.ActiveCfg = Debug|Any CPU
		{47449260-BC71-4E30-87F9-82F29DBD0D46}.Debug|Any CPU.Build.0 = Debug|Any CPU
		{47449260-BC71-4E30-87F9-82F29DBD0D46}.Release|Any CPU.ActiveCfg = Release|Any CPU
		{47449260-BC71-4E30-87F9-82F29DBD0D46}.Release|Any CPU.Build.0 = Release|Any CPU
		{E0AA1D06-1555-44A3-B6C5-9DE2F5E2A797}.Debug|Any CPU.ActiveCfg = Debug|Any CPU
		{E0AA1D06-1555-44A3-B6C5-9DE2F5E2A797}.Debug|Any CPU.Build.0 = Debug|Any CPU
		{E0AA1D06-1555-44A3-B6C5-9DE2F5E2A797}.Release|Any CPU.ActiveCfg = Release|Any CPU
		{E0AA1D06-1555-44A3-B6C5-9DE2F5E2A797}.Release|Any CPU.Build.0 = Release|Any CPU
	EndGlobalSection
	GlobalSection(SolutionProperties) = preSolution
		HideSolutionNode = FALSE
	EndGlobalSection
	GlobalSection(ExtensibilityGlobals) = postSolution
		SolutionGuid = {6381FFF5-553D-4DE1-B95E-79EA99EFA5DB}
	EndGlobalSection
EndGlobal
