
Microsoft Visual Studio Solution File, Format Version 12.00
# Visual Studio Version 16
VisualStudioVersion = 16.0.29215.179
MinimumVisualStudioVersion = 10.0.40219.1
Project("{9A19103F-16F7-4668-BE54-9A1E7A4F7556}") = "AnthroCloud.API", "AnthroCloud.API\AnthroCloud.API.csproj", "{0A3BB53A-9394-4131-A5C0-709DD4880159}"
EndProject
Project("{9A19103F-16F7-4668-BE54-9A1E7A4F7556}") = "AnthroCloud.Business", "AnthroCloud.Business\AnthroCloud.Business.csproj", "{47449260-BC71-4E30-87F9-82F29DBD0D46}"
EndProject
Project("{9A19103F-16F7-4668-BE54-9A1E7A4F7556}") = "AnthroCloud.Data", "AnthroCloud.Data\AnthroCloud.Data.csproj", "{E0AA1D06-1555-44A3-B6C5-9DE2F5E2A797}"
EndProject
Project("{9A19103F-16F7-4668-BE54-9A1E7A4F7556}") = "AnthroCloud.Tests", "AnthroCloud.Tests\AnthroCloud.Tests.csproj", "{07C241F0-2C8E-49EF-AEA9-16BAA3E3166F}"
EndProject
Project("{9A19103F-16F7-4668-BE54-9A1E7A4F7556}") = "AnthroCloud.Framework", "AnthroCloud.Framework\AnthroCloud.Framework.csproj", "{19F77F8E-1D99-48BC-BE36-E11D61D4BF54}"
EndProject
Project("{9A19103F-16F7-4668-BE54-9A1E7A4F7556}") = "AnthroCloud.Entities", "AnthroCloud.Entities\AnthroCloud.Entities.csproj", "{2C811542-FC11-4136-97B6-7EA09221B555}"
EndProject
Project("{9A19103F-16F7-4668-BE54-9A1E7A4F7556}") = "AnthroCloud.UI.Web", "AnthroCloud.UI.Web\AnthroCloud.UI.Web.csproj", "{541E8CD4-0F08-43DC-8989-B3BD70B430B8}"
EndProject
Project("{2150E333-8FDC-42A3-9474-1A3956D46DE8}") = "Solution Items", "Solution Items", "{CE6B6616-38AF-40C0-9546-B2C6AD51DE7C}"
	ProjectSection(SolutionItems) = preProject
		global.json = global.json
	EndProjectSection
EndProject
Project("{F088123C-0E9E-452A-89E6-6BA2F21D5CAC}") = "AnthroCloud.Architecture", "DependencyValidationMap\AnthroCloud.Architecture.modelproj", "{85743C58-B465-42C4-BED2-388F74E80695}"
EndProject
Global
	GlobalSection(SolutionConfigurationPlatforms) = preSolution
		Debug|Any CPU = Debug|Any CPU
		Release|Any CPU = Release|Any CPU
	EndGlobalSection
	GlobalSection(ProjectConfigurationPlatforms) = postSolution
		{0A3BB53A-9394-4131-A5C0-709DD4880159}.Debug|Any CPU.ActiveCfg = Debug|Any CPU
		{0A3BB53A-9394-4131-A5C0-709DD4880159}.Debug|Any CPU.Build.0 = Debug|Any CPU
		{0A3BB53A-9394-4131-A5C0-709DD4880159}.Release|Any CPU.ActiveCfg = Release|Any CPU
		{0A3BB53A-9394-4131-A5C0-709DD4880159}.Release|Any CPU.Build.0 = Release|Any CPU
		{47449260-BC71-4E30-87F9-82F29DBD0D46}.Debug|Any CPU.ActiveCfg = Debug|Any CPU
		{47449260-BC71-4E30-87F9-82F29DBD0D46}.Debug|Any CPU.Build.0 = Debug|Any CPU
		{47449260-BC71-4E30-87F9-82F29DBD0D46}.Release|Any CPU.ActiveCfg = Release|Any CPU
		{47449260-BC71-4E30-87F9-82F29DBD0D46}.Release|Any CPU.Build.0 = Release|Any CPU
		{E0AA1D06-1555-44A3-B6C5-9DE2F5E2A797}.Debug|Any CPU.ActiveCfg = Debug|Any CPU
		{E0AA1D06-1555-44A3-B6C5-9DE2F5E2A797}.Debug|Any CPU.Build.0 = Debug|Any CPU
		{E0AA1D06-1555-44A3-B6C5-9DE2F5E2A797}.Release|Any CPU.ActiveCfg = Release|Any CPU
		{E0AA1D06-1555-44A3-B6C5-9DE2F5E2A797}.Release|Any CPU.Build.0 = Release|Any CPU
		{07C241F0-2C8E-49EF-AEA9-16BAA3E3166F}.Debug|Any CPU.ActiveCfg = Debug|Any CPU
		{07C241F0-2C8E-49EF-AEA9-16BAA3E3166F}.Debug|Any CPU.Build.0 = Debug|Any CPU
		{07C241F0-2C8E-49EF-AEA9-16BAA3E3166F}.Release|Any CPU.ActiveCfg = Release|Any CPU
		{07C241F0-2C8E-49EF-AEA9-16BAA3E3166F}.Release|Any CPU.Build.0 = Release|Any CPU
		{19F77F8E-1D99-48BC-BE36-E11D61D4BF54}.Debug|Any CPU.ActiveCfg = Debug|Any CPU
		{19F77F8E-1D99-48BC-BE36-E11D61D4BF54}.Debug|Any CPU.Build.0 = Debug|Any CPU
		{19F77F8E-1D99-48BC-BE36-E11D61D4BF54}.Release|Any CPU.ActiveCfg = Release|Any CPU
		{19F77F8E-1D99-48BC-BE36-E11D61D4BF54}.Release|Any CPU.Build.0 = Release|Any CPU
		{2C811542-FC11-4136-97B6-7EA09221B555}.Debug|Any CPU.ActiveCfg = Debug|Any CPU
		{2C811542-FC11-4136-97B6-7EA09221B555}.Debug|Any CPU.Build.0 = Debug|Any CPU
		{2C811542-FC11-4136-97B6-7EA09221B555}.Release|Any CPU.ActiveCfg = Release|Any CPU
		{2C811542-FC11-4136-97B6-7EA09221B555}.Release|Any CPU.Build.0 = Release|Any CPU
		{541E8CD4-0F08-43DC-8989-B3BD70B430B8}.Debug|Any CPU.ActiveCfg = Debug|Any CPU
		{541E8CD4-0F08-43DC-8989-B3BD70B430B8}.Debug|Any CPU.Build.0 = Debug|Any CPU
		{541E8CD4-0F08-43DC-8989-B3BD70B430B8}.Release|Any CPU.ActiveCfg = Release|Any CPU
		{541E8CD4-0F08-43DC-8989-B3BD70B430B8}.Release|Any CPU.Build.0 = Release|Any CPU
		{85743C58-B465-42C4-BED2-388F74E80695}.Debug|Any CPU.ActiveCfg = Debug|Any CPU
		{85743C58-B465-42C4-BED2-388F74E80695}.Debug|Any CPU.Build.0 = Debug|Any CPU
		{85743C58-B465-42C4-BED2-388F74E80695}.Release|Any CPU.ActiveCfg = Release|Any CPU
		{85743C58-B465-42C4-BED2-388F74E80695}.Release|Any CPU.Build.0 = Release|Any CPU
	EndGlobalSection
	GlobalSection(SolutionProperties) = preSolution
		HideSolutionNode = FALSE
	EndGlobalSection
	GlobalSection(ExtensibilityGlobals) = postSolution
		SolutionGuid = {6381FFF5-553D-4DE1-B95E-79EA99EFA5DB}
	EndGlobalSection
EndGlobal
